// !$*UTF8*$!
{
	archiveVersion = 1;
	classes = {
	};
	objectVersion = 42;
	objects = {

/* Begin PBXFileReference section */
		292FBC8011412CA600F12265 /* controls.c */ = {isa = PBXFileReference; fileEncoding = 0; lastKnownFileType = sourcecode.c.c; path = controls.c; sourceTree = "<group>"; };
		292FBC8111412CA600F12265 /* debugger.c */ = {isa = PBXFileReference; fileEncoding = 0; lastKnownFileType = sourcecode.c.c; path = debugger.c; sourceTree = "<group>"; };
		292FBC8211412CA600F12265 /* fileop.c */ = {isa = PBXFileReference; fileEncoding = 0; lastKnownFileType = sourcecode.c.c; path = fileop.c; sourceTree = "<group>"; };
		292FBC8311412CA600F12265 /* functions.c */ = {isa = PBXFileReference; fileEncoding = 0; lastKnownFileType = sourcecode.c.c; path = functions.c; sourceTree = "<group>"; };
		292FBC8411412CA600F12265 /* fundamentals.c */ = {isa = PBXFileReference; fileEncoding = 0; lastKnownFileType = sourcecode.c.c; path = fundamentals.c; sourceTree = "<group>"; };
		292FBC8511412CA600F12265 /* key.c */ = {isa = PBXFileReference; fileEncoding = 0; lastKnownFileType = sourcecode.c.c; path = key.c; sourceTree = "<group>"; };
		292FBC8611412CA600F12265 /* stack.c */ = {isa = PBXFileReference; fileEncoding = 0; lastKnownFileType = sourcecode.c.c; path = stack.c; sourceTree = "<group>"; };
		292FBC8711412CA600F12265 /* string.c */ = {isa = PBXFileReference; fileEncoding = 0; lastKnownFileType = sourcecode.c.c; path = string.c; sourceTree = "<group>"; };
		292FBC8811412CA600F12265 /* ui_buildinfo.c */ = {isa = PBXFileReference; fileEncoding = 0; lastKnownFileType = sourcecode.c.c; path = ui_buildinfo.c; sourceTree = "<group>"; };
		292FBC8911412CA600F12265 /* ui.c */ = {isa = PBXFileReference; fileEncoding = 0; lastKnownFileType = sourcecode.c.c; path = ui.c; sourceTree = "<group>"; };
		292FBC8A11412CAF00F12265 /* cafe2.h */ = {isa = PBXFileReference; fileEncoding = 0; lastKnownFileType = sourcecode.c.h; path = cafe2.h; sourceTree = "<group>"; };
		292FBC8B11412CAF00F12265 /* command_table.h */ = {isa = PBXFileReference; fileEncoding = 0; lastKnownFileType = sourcecode.c.h; path = command_table.h; sourceTree = "<group>"; };
		292FBC8C11412CAF00F12265 /* controls.h */ = {isa = PBXFileReference; fileEncoding = 0; lastKnownFileType = sourcecode.c.h; path = controls.h; sourceTree = "<group>"; };
		292FBC8D11412CAF00F12265 /* debugger.h */ = {isa = PBXFileReference; fileEncoding = 0; lastKnownFileType = sourcecode.c.h; path = debugger.h; sourceTree = "<group>"; };
		292FBC8E11412CAF00F12265 /* fileop.h */ = {isa = PBXFileReference; fileEncoding = 0; lastKnownFileType = sourcecode.c.h; path = fileop.h; sourceTree = "<group>"; };
		292FBC8F11412CAF00F12265 /* functions.h */ = {isa = PBXFileReference; fileEncoding = 0; lastKnownFileType = sourcecode.c.h; path = functions.h; sourceTree = "<group>"; };
		292FBC9011412CAF00F12265 /* key.h */ = {isa = PBXFileReference; fileEncoding = 0; lastKnownFileType = sourcecode.c.h; path = key.h; sourceTree = "<group>"; };
		292FBC9111412CAF00F12265 /* stack.h */ = {isa = PBXFileReference; fileEncoding = 0; lastKnownFileType = sourcecode.c.h; path = stack.h; sourceTree = "<group>"; };
		292FBC9211412CAF00F12265 /* string.h */ = {isa = PBXFileReference; fileEncoding = 0; lastKnownFileType = sourcecode.c.h; path = string.h; sourceTree = "<group>"; };
		292FBC9311412CAF00F12265 /* ui.h */ = {isa = PBXFileReference; fileEncoding = 0; lastKnownFileType = sourcecode.c.h; path = ui.h; sourceTree = "<group>"; };
		29A93A421141DF95000F006F /* command_table.c */ = {isa = PBXFileReference; fileEncoding = 0; lastKnownFileType = sourcecode.c.c; path = command_table.c; sourceTree = "<group>"; };
/* End PBXFileReference section */

/* Begin PBXGroup section */
		291159F507F4248000E3C958 = {
			isa = PBXGroup;
			children = (
				29A93A421141DF95000F006F /* command_table.c */,
				292FBC8011412CA600F12265 /* controls.c */,
				292FBC8111412CA600F12265 /* debugger.c */,
				292FBC8211412CA600F12265 /* fileop.c */,
				292FBC8311412CA600F12265 /* functions.c */,
				292FBC8411412CA600F12265 /* fundamentals.c */,
				292FBC8511412CA600F12265 /* key.c */,
				292FBC8611412CA600F12265 /* stack.c */,
				292FBC8711412CA600F12265 /* string.c */,
				292FBC8811412CA600F12265 /* ui_buildinfo.c */,
				292FBC8911412CA600F12265 /* ui.c */,
				292FBC8A11412CAF00F12265 /* cafe2.h */,
				292FBC8B11412CAF00F12265 /* command_table.h */,
				292FBC8C11412CAF00F12265 /* controls.h */,
				292FBC8D11412CAF00F12265 /* debugger.h */,
				292FBC8E11412CAF00F12265 /* fileop.h */,
				292FBC8F11412CAF00F12265 /* functions.h */,
				292FBC9011412CAF00F12265 /* key.h */,
				292FBC9111412CAF00F12265 /* stack.h */,
				292FBC9211412CAF00F12265 /* string.h */,
				292FBC9311412CAF00F12265 /* ui.h */,
			);
			sourceTree = "<group>";
		};
/* End PBXGroup section */

/* Begin PBXProject section */
		291159F907F4248000E3C958 /* Project object */ = {
			isa = PBXProject;
			buildConfigurationList = 294892C9089F0407008B19A6 /* Build configuration list for PBXProject "CaFE2" */;
			compatibilityVersion = "Xcode 2.4";
			hasScannedForEncodings = 0;
			mainGroup = 291159F507F4248000E3C958;
			projectDirPath = "";
			projectRoot = "";
			targets = (
			);
		};
/* End PBXProject section */

/* Begin XCBuildConfiguration section */
		294892CA089F0407008B19A6 /* Development */ = {
			isa = XCBuildConfiguration;
			buildSettings = {
			};
			name = Development;
		};
		294892CB089F0407008B19A6 /* Deployment */ = {
			isa = XCBuildConfiguration;
			buildSettings = {
			};
			name = Deployment;
		};
		294892CC089F0407008B19A6 /* Default */ = {
			isa = XCBuildConfiguration;
			buildSettings = {
			};
			name = Default;
		};
/* End XCBuildConfiguration section */

/* Begin XCConfigurationList section */
		294892C9089F0407008B19A6 /* Build configuration list for PBXProject "CaFE2" */ = {
			isa = XCConfigurationList;
			buildConfigurations = (
				294892CA089F0407008B19A6 /* Development */,
				294892CB089F0407008B19A6 /* Deployment */,
				294892CC089F0407008B19A6 /* Default */,
			);
			defaultConfigurationIsVisible = 0;
			defaultConfigurationName = Default;
		};
/* End XCConfigurationList section */
	};
	rootObject = 291159F907F4248000E3C958 /* Project object */;
}
